
Microsoft Visual Studio Solution File, Format Version 12.00
# Visual Studio Version 17
VisualStudioVersion = 17.5.002.0
MinimumVisualStudioVersion = 10.0.40219.1
Project("{2150E333-8FDC-42A3-9474-1A3956D46DE8}") = "src", "src", "{B78459B6-F178-424D-81C3-DA499776DA0F}"
EndProject
Project("{9A19103F-16F7-4668-BE54-9A1E7A4F7556}") = "OrderService", "src\OrderService\OrderService.csproj", "{E2CDCF59-7D10-4849-9BFE-5B9D3016DAD2}"
EndProject
Project("{9A19103F-16F7-4668-BE54-9A1E7A4F7556}") = "ProductService", "src\ProductService\ProductService.csproj", "{BEEBD38C-7200-4646-BC05-BFD475773368}"
EndProject
Project("{9A19103F-16F7-4668-BE54-9A1E7A4F7556}") = "UserService", "src\UserService\UserService.csproj", "{0055A6CF-53BF-4954-A55D-A13F3EB725A7}"
EndProject
Global
	GlobalSection(SolutionConfigurationPlatforms) = preSolution
		Debug|Any CPU = Debug|Any CPU
		Release|Any CPU = Release|Any CPU
	EndGlobalSection
	GlobalSection(ProjectConfigurationPlatforms) = postSolution
		{E2CDCF59-7D10-4849-9BFE-5B9D3016DAD2}.Debug|Any CPU.ActiveCfg = Debug|Any CPU
		{E2CDCF59-7D10-4849-9BFE-5B9D3016DAD2}.Debug|Any CPU.Build.0 = Debug|Any CPU
		{E2CDCF59-7D10-4849-9BFE-5B9D3016DAD2}.Release|Any CPU.ActiveCfg = Release|Any CPU
		{E2CDCF59-7D10-4849-9BFE-5B9D3016DAD2}.Release|Any CPU.Build.0 = Release|Any CPU
		{BEEBD38C-7200-4646-BC05-BFD475773368}.Debug|Any CPU.ActiveCfg = Debug|Any CPU
		{BEEBD38C-7200-4646-BC05-BFD475773368}.Debug|Any CPU.Build.0 = Debug|Any CPU
		{BEEBD38C-7200-4646-BC05-BFD475773368}.Release|Any CPU.ActiveCfg = Release|Any CPU
		{BEEBD38C-7200-4646-BC05-BFD475773368}.Release|Any CPU.Build.0 = Release|Any CPU
		{0055A6CF-53BF-4954-A55D-A13F3EB725A7}.Debug|Any CPU.ActiveCfg = Debug|Any CPU
		{0055A6CF-53BF-4954-A55D-A13F3EB725A7}.Debug|Any CPU.Build.0 = Debug|Any CPU
		{0055A6CF-53BF-4954-A55D-A13F3EB725A7}.Release|Any CPU.ActiveCfg = Release|Any CPU
		{0055A6CF-53BF-4954-A55D-A13F3EB725A7}.Release|Any CPU.Build.0 = Release|Any CPU
	EndGlobalSection
	GlobalSection(SolutionProperties) = preSolution
		HideSolutionNode = FALSE
	EndGlobalSection
	GlobalSection(NestedProjects) = preSolution
		{E2CDCF59-7D10-4849-9BFE-5B9D3016DAD2} = {B78459B6-F178-424D-81C3-DA499776DA0F}
		{BEEBD38C-7200-4646-BC05-BFD475773368} = {B78459B6-F178-424D-81C3-DA499776DA0F}
		{0055A6CF-53BF-4954-A55D-A13F3EB725A7} = {B78459B6-F178-424D-81C3-DA499776DA0F}
	EndGlobalSection
	GlobalSection(ExtensibilityGlobals) = postSolution
		SolutionGuid = {EA3BC0F7-287F-437E-AEE1-18A83462811D}
	EndGlobalSection
EndGlobal
